
Microsoft Visual Studio Solution File, Format Version 11.00
# Visual Studio 2010
Project("{FAE04EC0-301F-11D3-BF4B-00C04F79EFBC}") = "Assembly-CSharp", "Assembly-CSharp.csproj", "{7b2c3a39-85bc-4a45-9e3d-6bd31e2f0e95}"
EndProject
Project("{FAE04EC0-301F-11D3-BF4B-00C04F79EFBC}") = "Assembly-CSharp-Editor", "Assembly-CSharp-Editor.csproj", "{eebc1d55-4038-8ed8-c53b-be8d56f20e03}"
EndProject
Global
	GlobalSection(SolutionConfigurationPlatforms) = preSolution
		Debug|Any CPU = Debug|Any CPU
	EndGlobalSection
	GlobalSection(ProjectConfigurationPlatforms) = postSolution
		{7b2c3a39-85bc-4a45-9e3d-6bd31e2f0e95}.Debug|Any CPU.ActiveCfg = Debug|Any CPU
		{7b2c3a39-85bc-4a45-9e3d-6bd31e2f0e95}.Debug|Any CPU.Build.0 = Debug|Any CPU
		{eebc1d55-4038-8ed8-c53b-be8d56f20e03}.Debug|Any CPU.ActiveCfg = Debug|Any CPU
		{eebc1d55-4038-8ed8-c53b-be8d56f20e03}.Debug|Any CPU.Build.0 = Debug|Any CPU
	EndGlobalSection
	GlobalSection(SolutionProperties) = preSolution
		HideSolutionNode = FALSE
	EndGlobalSection
EndGlobal
